
Microsoft Visual Studio Solution File, Format Version 12.00
# Visual Studio Version 17
VisualStudioVersion = 17.13.35931.197 d17.13
MinimumVisualStudioVersion = 10.0.40219.1
Project("{FAE04EC0-301F-11D3-BF4B-00C04F79EFBC}") = "OjaswiFoodPlanet.API", "OjaswiFoodPlanet.API\OjaswiFoodPlanet.API.csproj", "{7377F3F0-9B72-4841-A013-07FF38B4F09C}"
EndProject
Project("{F2A71F9B-5D33-465A-A702-920D77279786}") = "OFP.Mvc", "OFP.Mvc\OFP.Mvc.fsproj", "{D272D493-4225-4597-AB26-2CABD7E826DF}"
EndProject
Global
	GlobalSection(SolutionConfigurationPlatforms) = preSolution
		Debug|Any CPU = Debug|Any CPU
		Release|Any CPU = Release|Any CPU
	EndGlobalSection
	GlobalSection(ProjectConfigurationPlatforms) = postSolution
		{7377F3F0-9B72-4841-A013-07FF38B4F09C}.Debug|Any CPU.ActiveCfg = Debug|Any CPU
		{7377F3F0-9B72-4841-A013-07FF38B4F09C}.Debug|Any CPU.Build.0 = Debug|Any CPU
		{7377F3F0-9B72-4841-A013-07FF38B4F09C}.Release|Any CPU.ActiveCfg = Release|Any CPU
		{7377F3F0-9B72-4841-A013-07FF38B4F09C}.Release|Any CPU.Build.0 = Release|Any CPU
		{D272D493-4225-4597-AB26-2CABD7E826DF}.Debug|Any CPU.ActiveCfg = Debug|Any CPU
		{D272D493-4225-4597-AB26-2CABD7E826DF}.Debug|Any CPU.Build.0 = Debug|Any CPU
		{D272D493-4225-4597-AB26-2CABD7E826DF}.Release|Any CPU.ActiveCfg = Release|Any CPU
		{D272D493-4225-4597-AB26-2CABD7E826DF}.Release|Any CPU.Build.0 = Release|Any CPU
	EndGlobalSection
	GlobalSection(SolutionProperties) = preSolution
		HideSolutionNode = FALSE
	EndGlobalSection
	GlobalSection(ExtensibilityGlobals) = postSolution
		SolutionGuid = {35783F54-C0DE-4E68-A920-9A55043F98AC}
	EndGlobalSection
EndGlobal
